
Microsoft Visual Studio Solution File, Format Version 12.00
# Visual Studio Version 17
VisualStudioVersion = 17.5.33627.172
MinimumVisualStudioVersion = 10.0.40219.1
Project("{FAE04EC0-301F-11D3-BF4B-00C04F79EFBC}") = "Core", "Core\Core.csproj", "{765391C3-71F7-4097-B084-B11001870AFC}"
EndProject
Project("{FAE04EC0-301F-11D3-BF4B-00C04F79EFBC}") = "Console", "Console\Console.csproj", "{601F5B0C-78BC-473C-B1F6-6D1A156586CA}"
EndProject
Project("{FAE04EC0-301F-11D3-BF4B-00C04F79EFBC}") = "SystemMonitor", "SystemMonitor\SystemMonitor.csproj", "{B8FEF75F-BCCD-43BE-BB90-65B86ED4ABA7}"
EndProject
Global
	GlobalSection(SolutionConfigurationPlatforms) = preSolution
		Debug|Any CPU = Debug|Any CPU
		Release|Any CPU = Release|Any CPU
	EndGlobalSection
	GlobalSection(ProjectConfigurationPlatforms) = postSolution
		{765391C3-71F7-4097-B084-B11001870AFC}.Debug|Any CPU.ActiveCfg = Debug|Any CPU
		{765391C3-71F7-4097-B084-B11001870AFC}.Debug|Any CPU.Build.0 = Debug|Any CPU
		{765391C3-71F7-4097-B084-B11001870AFC}.Release|Any CPU.ActiveCfg = Release|Any CPU
		{765391C3-71F7-4097-B084-B11001870AFC}.Release|Any CPU.Build.0 = Release|Any CPU
		{601F5B0C-78BC-473C-B1F6-6D1A156586CA}.Debug|Any CPU.ActiveCfg = Debug|Any CPU
		{601F5B0C-78BC-473C-B1F6-6D1A156586CA}.Debug|Any CPU.Build.0 = Debug|Any CPU
		{601F5B0C-78BC-473C-B1F6-6D1A156586CA}.Release|Any CPU.ActiveCfg = Release|Any CPU
		{601F5B0C-78BC-473C-B1F6-6D1A156586CA}.Release|Any CPU.Build.0 = Release|Any CPU
		{B8FEF75F-BCCD-43BE-BB90-65B86ED4ABA7}.Debug|Any CPU.ActiveCfg = Debug|Any CPU
		{B8FEF75F-BCCD-43BE-BB90-65B86ED4ABA7}.Debug|Any CPU.Build.0 = Debug|Any CPU
		{B8FEF75F-BCCD-43BE-BB90-65B86ED4ABA7}.Release|Any CPU.ActiveCfg = Release|Any CPU
		{B8FEF75F-BCCD-43BE-BB90-65B86ED4ABA7}.Release|Any CPU.Build.0 = Release|Any CPU
	EndGlobalSection
	GlobalSection(SolutionProperties) = preSolution
		HideSolutionNode = FALSE
	EndGlobalSection
	GlobalSection(ExtensibilityGlobals) = postSolution
		SolutionGuid = {E6BB4231-15F2-4522-8A14-7334A74387C6}
	EndGlobalSection
EndGlobal
